[[package]]
name = "bit_field"
version = "0.9.0"
source = "registry+https://github.com/rust-lang/crates.io-index"

[[package]]
name = "byteorder"
version = "1.2.4"
source = "registry+https://github.com/rust-lang/crates.io-index"

[[package]]
name = "cfg-if"
version = "0.1.5"
source = "registry+https://github.com/rust-lang/crates.io-index"

[[package]]
name = "compression"
version = "0.1.2"
source = "registry+https://github.com/rust-lang/crates.io-index"
dependencies = [
 "cfg-if 0.1.5 (registry+https://github.com/rust-lang/crates.io-index)",
 "lazy_static 1.1.0 (registry+https://github.com/rust-lang/crates.io-index)",
 "log 0.4.4 (registry+https://github.com/rust-lang/crates.io-index)",
 "num-traits 0.2.5 (registry+https://github.com/rust-lang/crates.io-index)",
]

[[package]]
name = "half"
version = "1.1.2"
source = "registry+https://github.com/rust-lang/crates.io-index"

[[package]]
name = "lazy_static"
version = "1.1.0"
source = "registry+https://github.com/rust-lang/crates.io-index"
dependencies = [
 "version_check 0.1.4 (registry+https://github.com/rust-lang/crates.io-index)",
]

[[package]]
name = "log"
version = "0.4.4"
source = "registry+https://github.com/rust-lang/crates.io-index"
dependencies = [
 "cfg-if 0.1.5 (registry+https://github.com/rust-lang/crates.io-index)",
]

[[package]]
name = "num-traits"
version = "0.2.5"
source = "registry+https://github.com/rust-lang/crates.io-index"

[[package]]
name = "rust-openexr"
version = "0.1.0"
dependencies = [
 "bit_field 0.9.0 (registry+https://github.com/rust-lang/crates.io-index)",
 "byteorder 1.2.4 (registry+https://github.com/rust-lang/crates.io-index)",
 "compression 0.1.2 (registry+https://github.com/rust-lang/crates.io-index)",
 "half 1.1.2 (registry+https://github.com/rust-lang/crates.io-index)",
 "seek_bufread 1.2.0 (registry+https://github.com/rust-lang/crates.io-index)",
 "smallvec 0.6.4 (registry+https://github.com/rust-lang/crates.io-index)",
]

[[package]]
name = "seek_bufread"
version = "1.2.0"
source = "registry+https://github.com/rust-lang/crates.io-index"

[[package]]
name = "smallvec"
version = "0.6.4"
source = "registry+https://github.com/rust-lang/crates.io-index"
dependencies = [
 "unreachable 1.0.0 (registry+https://github.com/rust-lang/crates.io-index)",
]

[[package]]
name = "unreachable"
version = "1.0.0"
source = "registry+https://github.com/rust-lang/crates.io-index"
dependencies = [
 "void 1.0.2 (registry+https://github.com/rust-lang/crates.io-index)",
]

[[package]]
name = "version_check"
version = "0.1.4"
source = "registry+https://github.com/rust-lang/crates.io-index"

[[package]]
name = "void"
version = "1.0.2"
source = "registry+https://github.com/rust-lang/crates.io-index"

[metadata]
"checksum bit_field 0.9.0 (registry+https://github.com/rust-lang/crates.io-index)" = "ed8765909f9009617974ab6b7d332625b320b33c326b1e9321382ef1999b5d56"
"checksum byteorder 1.2.4 (registry+https://github.com/rust-lang/crates.io-index)" = "8389c509ec62b9fe8eca58c502a0acaf017737355615243496cde4994f8fa4f9"
"checksum cfg-if 0.1.5 (registry+https://github.com/rust-lang/crates.io-index)" = "0c4e7bb64a8ebb0d856483e1e682ea3422f883c5f5615a90d51a2c82fe87fdd3"
"checksum compression 0.1.2 (registry+https://github.com/rust-lang/crates.io-index)" = "e6fc768adaa9cfac1bb6817c8850bee201a3663832dbd09db831eb4bf945212b"
"checksum half 1.1.2 (registry+https://github.com/rust-lang/crates.io-index)" = "a581f551b77eb3e177584e922a8c057e14311a857f859fd39d9574d97d3547da"
"checksum lazy_static 1.1.0 (registry+https://github.com/rust-lang/crates.io-index)" = "ca488b89a5657b0a2ecd45b95609b3e848cf1755da332a0da46e2b2b1cb371a7"
"checksum log 0.4.4 (registry+https://github.com/rust-lang/crates.io-index)" = "cba860f648db8e6f269df990180c2217f333472b4a6e901e97446858487971e2"
"checksum num-traits 0.2.5 (registry+https://github.com/rust-lang/crates.io-index)" = "630de1ef5cc79d0cdd78b7e33b81f083cbfe90de0f4b2b2f07f905867c70e9fe"
"checksum seek_bufread 1.2.0 (registry+https://github.com/rust-lang/crates.io-index)" = "8843cc800ef983ce74054222c3911edb9fcbc36cc70572bce7f0c7fe12b442a5"
"checksum smallvec 0.6.4 (registry+https://github.com/rust-lang/crates.io-index)" = "211a489e65e94b103926d2054ae515a1cdb5d515ea0ef414fee23b7e043ce748"
"checksum unreachable 1.0.0 (registry+https://github.com/rust-lang/crates.io-index)" = "382810877fe448991dfc7f0dd6e3ae5d58088fd0ea5e35189655f84e6814fa56"
"checksum version_check 0.1.4 (registry+https://github.com/rust-lang/crates.io-index)" = "7716c242968ee87e5542f8021178248f267f295a5c4803beae8b8b7fd9bc6051"
"checksum void 1.0.2 (registry+https://github.com/rust-lang/crates.io-index)" = "6a02e4885ed3bc0f2de90ea6dd45ebcbb66dacffe03547fadbb0eeae2770887d"
